// !$*UTF8*$!
{
	archiveVersion = 1;
	classes = {
	};
	objectVersion = 56;
	objects = {

/* Begin PBXBuildFile section */
		88C51B222A0801390094E05E /* AppDelegate.swift in Sources */ = {isa = PBXBuildFile; fileRef = 88C51B212A0801390094E05E /* AppDelegate.swift */; };
		88C51B242A0801390094E05E /* SceneDelegate.swift in Sources */ = {isa = PBXBuildFile; fileRef = 88C51B232A0801390094E05E /* SceneDelegate.swift */; };
		88C51B292A0801390094E05E /* Main.storyboard in Resources */ = {isa = PBXBuildFile; fileRef = 88C51B272A0801390094E05E /* Main.storyboard */; };
		88C51B2B2A08013A0094E05E /* Assets.xcassets in Resources */ = {isa = PBXBuildFile; fileRef = 88C51B2A2A08013A0094E05E /* Assets.xcassets */; };
		88C51B2E2A08013A0094E05E /* LaunchScreen.storyboard in Resources */ = {isa = PBXBuildFile; fileRef = 88C51B2C2A08013A0094E05E /* LaunchScreen.storyboard */; };
		88C51B3B2A08019C0094E05E /* Character.swift in Sources */ = {isa = PBXBuildFile; fileRef = 88C51B3A2A08019C0094E05E /* Character.swift */; };
		88CD8B292A0BB949006A108A /* NetworkManager.swift in Sources */ = {isa = PBXBuildFile; fileRef = 88CD8B282A0BB949006A108A /* NetworkManager.swift */; };
		88CD8B2B2A0C9122006A108A /* CharacterTableViewController.swift in Sources */ = {isa = PBXBuildFile; fileRef = 88CD8B2A2A0C9122006A108A /* CharacterTableViewController.swift */; };
		88CD8B302A0CD72D006A108A /* CharacterViewCell.swift in Sources */ = {isa = PBXBuildFile; fileRef = 88CD8B2F2A0CD72D006A108A /* CharacterViewCell.swift */; };
/* End PBXBuildFile section */

/* Begin PBXFileReference section */
		88C51B1E2A0801390094E05E /* Rick&Morty_API_App.app */ = {isa = PBXFileReference; explicitFileType = wrapper.application; includeInIndex = 0; path = "Rick&Morty_API_App.app"; sourceTree = BUILT_PRODUCTS_DIR; };
		88C51B212A0801390094E05E /* AppDelegate.swift */ = {isa = PBXFileReference; lastKnownFileType = sourcecode.swift; path = AppDelegate.swift; sourceTree = "<group>"; };
		88C51B232A0801390094E05E /* SceneDelegate.swift */ = {isa = PBXFileReference; lastKnownFileType = sourcecode.swift; path = SceneDelegate.swift; sourceTree = "<group>"; };
		88C51B282A0801390094E05E /* Base */ = {isa = PBXFileReference; lastKnownFileType = file.storyboard; name = Base; path = Base.lproj/Main.storyboard; sourceTree = "<group>"; };
		88C51B2A2A08013A0094E05E /* Assets.xcassets */ = {isa = PBXFileReference; lastKnownFileType = folder.assetcatalog; path = Assets.xcassets; sourceTree = "<group>"; };
		88C51B2D2A08013A0094E05E /* Base */ = {isa = PBXFileReference; lastKnownFileType = file.storyboard; name = Base; path = Base.lproj/LaunchScreen.storyboard; sourceTree = "<group>"; };
		88C51B2F2A08013A0094E05E /* Info.plist */ = {isa = PBXFileReference; lastKnownFileType = text.plist.xml; path = Info.plist; sourceTree = "<group>"; };
		88C51B3A2A08019C0094E05E /* Character.swift */ = {isa = PBXFileReference; lastKnownFileType = sourcecode.swift; path = Character.swift; sourceTree = "<group>"; };
		88CD8B282A0BB949006A108A /* NetworkManager.swift */ = {isa = PBXFileReference; lastKnownFileType = sourcecode.swift; path = NetworkManager.swift; sourceTree = "<group>"; };
		88CD8B2A2A0C9122006A108A /* CharacterTableViewController.swift */ = {isa = PBXFileReference; lastKnownFileType = sourcecode.swift; name = CharacterTableViewController.swift; path = "Rick&Morty_API_App/Storyboards/CharacterTableViewController.swift"; sourceTree = SOURCE_ROOT; };
		88CD8B2F2A0CD72D006A108A /* CharacterViewCell.swift */ = {isa = PBXFileReference; lastKnownFileType = sourcecode.swift; path = CharacterViewCell.swift; sourceTree = "<group>"; };
/* End PBXFileReference section */

/* Begin PBXFrameworksBuildPhase section */
		88C51B1B2A0801390094E05E /* Frameworks */ = {
			isa = PBXFrameworksBuildPhase;
			buildActionMask = 2147483647;
			files = (
			);
			runOnlyForDeploymentPostprocessing = 0;
		};
/* End PBXFrameworksBuildPhase section */

/* Begin PBXGroup section */
		88C51B152A0801390094E05E = {
			isa = PBXGroup;
			children = (
				88C51B202A0801390094E05E /* Rick&Morty_API_App */,
				88C51B1F2A0801390094E05E /* Products */,
			);
			sourceTree = "<group>";
		};
		88C51B1F2A0801390094E05E /* Products */ = {
			isa = PBXGroup;
			children = (
				88C51B1E2A0801390094E05E /* Rick&Morty_API_App.app */,
			);
			name = Products;
			sourceTree = "<group>";
		};
		88C51B202A0801390094E05E /* Rick&Morty_API_App */ = {
			isa = PBXGroup;
			children = (
				88CD8B2C2A0CD6D7006A108A /* Views */,
				88CD8B272A0BB934006A108A /* Servises */,
				88C51B382A0801660094E05E /* Models */,
				88C51B352A0801450094E05E /* App */,
				88C51B362A08014A0094E05E /* ViewControllers */,
				88C51B372A0801570094E05E /* Storyboards */,
				88C51B2A2A08013A0094E05E /* Assets.xcassets */,
			);
			path = "Rick&Morty_API_App";
			sourceTree = "<group>";
		};
		88C51B352A0801450094E05E /* App */ = {
			isa = PBXGroup;
			children = (
				88C51B212A0801390094E05E /* AppDelegate.swift */,
				88C51B232A0801390094E05E /* SceneDelegate.swift */,
				88C51B2F2A08013A0094E05E /* Info.plist */,
			);
			path = App;
			sourceTree = "<group>";
		};
		88C51B362A08014A0094E05E /* ViewControllers */ = {
			isa = PBXGroup;
			children = (
				88CD8B2A2A0C9122006A108A /* CharacterTableViewController.swift */,
			);
			path = ViewControllers;
			sourceTree = "<group>";
		};
		88C51B372A0801570094E05E /* Storyboards */ = {
			isa = PBXGroup;
			children = (
				88C51B272A0801390094E05E /* Main.storyboard */,
				88C51B2C2A08013A0094E05E /* LaunchScreen.storyboard */,
			);
			path = Storyboards;
			sourceTree = "<group>";
		};
		88C51B382A0801660094E05E /* Models */ = {
			isa = PBXGroup;
			children = (
				88C51B3A2A08019C0094E05E /* Character.swift */,
			);
			path = Models;
			sourceTree = "<group>";
		};
		88CD8B272A0BB934006A108A /* Servises */ = {
			isa = PBXGroup;
			children = (
				88CD8B282A0BB949006A108A /* NetworkManager.swift */,
			);
			path = Servises;
			sourceTree = "<group>";
		};
		88CD8B2C2A0CD6D7006A108A /* Views */ = {
			isa = PBXGroup;
			children = (
				88CD8B2F2A0CD72D006A108A /* CharacterViewCell.swift */,
			);
			path = Views;
			sourceTree = "<group>";
		};
/* End PBXGroup section */

/* Begin PBXNativeTarget section */
		88C51B1D2A0801390094E05E /* Rick&Morty_API_App */ = {
			isa = PBXNativeTarget;
			buildConfigurationList = 88C51B322A08013A0094E05E /* Build configuration list for PBXNativeTarget "Rick&Morty_API_App" */;
			buildPhases = (
				88C51B1A2A0801390094E05E /* Sources */,
				88C51B1B2A0801390094E05E /* Frameworks */,
				88C51B1C2A0801390094E05E /* Resources */,
			);
			buildRules = (
			);
			dependencies = (
			);
			name = "Rick&Morty_API_App";
			productName = "Rick&Morty_API_App";
			productReference = 88C51B1E2A0801390094E05E /* Rick&Morty_API_App.app */;
			productType = "com.apple.product-type.application";
		};
/* End PBXNativeTarget section */

/* Begin PBXProject section */
		88C51B162A0801390094E05E /* Project object */ = {
			isa = PBXProject;
			attributes = {
				BuildIndependentTargetsInParallel = 1;
				LastSwiftUpdateCheck = 1430;
				LastUpgradeCheck = 1430;
				TargetAttributes = {
					88C51B1D2A0801390094E05E = {
						CreatedOnToolsVersion = 14.3;
					};
				};
			};
			buildConfigurationList = 88C51B192A0801390094E05E /* Build configuration list for PBXProject "Rick&Morty_API_App" */;
			compatibilityVersion = "Xcode 14.0";
			developmentRegion = en;
			hasScannedForEncodings = 0;
			knownRegions = (
				en,
				Base,
			);
			mainGroup = 88C51B152A0801390094E05E;
			productRefGroup = 88C51B1F2A0801390094E05E /* Products */;
			projectDirPath = "";
			projectRoot = "";
			targets = (
				88C51B1D2A0801390094E05E /* Rick&Morty_API_App */,
			);
		};
/* End PBXProject section */

/* Begin PBXResourcesBuildPhase section */
		88C51B1C2A0801390094E05E /* Resources */ = {
			isa = PBXResourcesBuildPhase;
			buildActionMask = 2147483647;
			files = (
				88C51B2E2A08013A0094E05E /* LaunchScreen.storyboard in Resources */,
				88C51B2B2A08013A0094E05E /* Assets.xcassets in Resources */,
				88C51B292A0801390094E05E /* Main.storyboard in Resources */,
			);
			runOnlyForDeploymentPostprocessing = 0;
		};
/* End PBXResourcesBuildPhase section */

/* Begin PBXSourcesBuildPhase section */
		88C51B1A2A0801390094E05E /* Sources */ = {
			isa = PBXSourcesBuildPhase;
			buildActionMask = 2147483647;
			files = (
				88CD8B302A0CD72D006A108A /* CharacterViewCell.swift in Sources */,
				88CD8B2B2A0C9122006A108A /* CharacterTableViewController.swift in Sources */,
				88C51B222A0801390094E05E /* AppDelegate.swift in Sources */,
				88CD8B292A0BB949006A108A /* NetworkManager.swift in Sources */,
				88C51B242A0801390094E05E /* SceneDelegate.swift in Sources */,
				88C51B3B2A08019C0094E05E /* Character.swift in Sources */,
			);
			runOnlyForDeploymentPostprocessing = 0;
		};
/* End PBXSourcesBuildPhase section */

/* Begin PBXVariantGroup section */
		88C51B272A0801390094E05E /* Main.storyboard */ = {
			isa = PBXVariantGroup;
			children = (
				88C51B282A0801390094E05E /* Base */,
			);
			name = Main.storyboard;
			sourceTree = "<group>";
		};
		88C51B2C2A08013A0094E05E /* LaunchScreen.storyboard */ = {
			isa = PBXVariantGroup;
			children = (
				88C51B2D2A08013A0094E05E /* Base */,
			);
			name = LaunchScreen.storyboard;
			sourceTree = "<group>";
		};
/* End PBXVariantGroup section */

/* Begin XCBuildConfiguration section */
		88C51B302A08013A0094E05E /* Debug */ = {
			isa = XCBuildConfiguration;
			buildSettings = {
				ALWAYS_SEARCH_USER_PATHS = NO;
				CLANG_ANALYZER_NONNULL = YES;
				CLANG_ANALYZER_NUMBER_OBJECT_CONVERSION = YES_AGGRESSIVE;
				CLANG_CXX_LANGUAGE_STANDARD = "gnu++20";
				CLANG_ENABLE_MODULES = YES;
				CLANG_ENABLE_OBJC_ARC = YES;
				CLANG_ENABLE_OBJC_WEAK = YES;
				CLANG_WARN_BLOCK_CAPTURE_AUTORELEASING = YES;
				CLANG_WARN_BOOL_CONVERSION = YES;
				CLANG_WARN_COMMA = YES;
				CLANG_WARN_CONSTANT_CONVERSION = YES;
				CLANG_WARN_DEPRECATED_OBJC_IMPLEMENTATIONS = YES;
				CLANG_WARN_DIRECT_OBJC_ISA_USAGE = YES_ERROR;
				CLANG_WARN_DOCUMENTATION_COMMENTS = YES;
				CLANG_WARN_EMPTY_BODY = YES;
				CLANG_WARN_ENUM_CONVERSION = YES;
				CLANG_WARN_INFINITE_RECURSION = YES;
				CLANG_WARN_INT_CONVERSION = YES;
				CLANG_WARN_NON_LITERAL_NULL_CONVERSION = YES;
				CLANG_WARN_OBJC_IMPLICIT_RETAIN_SELF = YES;
				CLANG_WARN_OBJC_LITERAL_CONVERSION = YES;
				CLANG_WARN_OBJC_ROOT_CLASS = YES_ERROR;
				CLANG_WARN_QUOTED_INCLUDE_IN_FRAMEWORK_HEADER = YES;
				CLANG_WARN_RANGE_LOOP_ANALYSIS = YES;
				CLANG_WARN_STRICT_PROTOTYPES = YES;
				CLANG_WARN_SUSPICIOUS_MOVE = YES;
				CLANG_WARN_UNGUARDED_AVAILABILITY = YES_AGGRESSIVE;
				CLANG_WARN_UNREACHABLE_CODE = YES;
				CLANG_WARN__DUPLICATE_METHOD_MATCH = YES;
				COPY_PHASE_STRIP = NO;
				DEBUG_INFORMATION_FORMAT = dwarf;
				ENABLE_STRICT_OBJC_MSGSEND = YES;
				ENABLE_TESTABILITY = YES;
				GCC_C_LANGUAGE_STANDARD = gnu11;
				GCC_DYNAMIC_NO_PIC = NO;
				GCC_NO_COMMON_BLOCKS = YES;
				GCC_OPTIMIZATION_LEVEL = 0;
				GCC_PREPROCESSOR_DEFINITIONS = (
					"DEBUG=1",
					"$(inherited)",
				);
				GCC_WARN_64_TO_32_BIT_CONVERSION = YES;
				GCC_WARN_ABOUT_RETURN_TYPE = YES_ERROR;
				GCC_WARN_UNDECLARED_SELECTOR = YES;
				GCC_WARN_UNINITIALIZED_AUTOS = YES_AGGRESSIVE;
				GCC_WARN_UNUSED_FUNCTION = YES;
				GCC_WARN_UNUSED_VARIABLE = YES;
				IPHONEOS_DEPLOYMENT_TARGET = 16.4;
				MTL_ENABLE_DEBUG_INFO = INCLUDE_SOURCE;
				MTL_FAST_MATH = YES;
				ONLY_ACTIVE_ARCH = YES;
				SDKROOT = iphoneos;
				SWIFT_ACTIVE_COMPILATION_CONDITIONS = DEBUG;
				SWIFT_OPTIMIZATION_LEVEL = "-Onone";
			};
			name = Debug;
		};
		88C51B312A08013A0094E05E /* Release */ = {
			isa = XCBuildConfiguration;
			buildSettings = {
				ALWAYS_SEARCH_USER_PATHS = NO;
				CLANG_ANALYZER_NONNULL = YES;
				CLANG_ANALYZER_NUMBER_OBJECT_CONVERSION = YES_AGGRESSIVE;
				CLANG_CXX_LANGUAGE_STANDARD = "gnu++20";
				CLANG_ENABLE_MODULES = YES;
				CLANG_ENABLE_OBJC_ARC = YES;
				CLANG_ENABLE_OBJC_WEAK = YES;
				CLANG_WARN_BLOCK_CAPTURE_AUTORELEASING = YES;
				CLANG_WARN_BOOL_CONVERSION = YES;
				CLANG_WARN_COMMA = YES;
				CLANG_WARN_CONSTANT_CONVERSION = YES;
				CLANG_WARN_DEPRECATED_OBJC_IMPLEMENTATIONS = YES;
				CLANG_WARN_DIRECT_OBJC_ISA_USAGE = YES_ERROR;
				CLANG_WARN_DOCUMENTATION_COMMENTS = YES;
				CLANG_WARN_EMPTY_BODY = YES;
				CLANG_WARN_ENUM_CONVERSION = YES;
				CLANG_WARN_INFINITE_RECURSION = YES;
				CLANG_WARN_INT_CONVERSION = YES;
				CLANG_WARN_NON_LITERAL_NULL_CONVERSION = YES;
				CLANG_WARN_OBJC_IMPLICIT_RETAIN_SELF = YES;
				CLANG_WARN_OBJC_LITERAL_CONVERSION = YES;
				CLANG_WARN_OBJC_ROOT_CLASS = YES_ERROR;
				CLANG_WARN_QUOTED_INCLUDE_IN_FRAMEWORK_HEADER = YES;
				CLANG_WARN_RANGE_LOOP_ANALYSIS = YES;
				CLANG_WARN_STRICT_PROTOTYPES = YES;
				CLANG_WARN_SUSPICIOUS_MOVE = YES;
				CLANG_WARN_UNGUARDED_AVAILABILITY = YES_AGGRESSIVE;
				CLANG_WARN_UNREACHABLE_CODE = YES;
				CLANG_WARN__DUPLICATE_METHOD_MATCH = YES;
				COPY_PHASE_STRIP = NO;
				DEBUG_INFORMATION_FORMAT = "dwarf-with-dsym";
				ENABLE_NS_ASSERTIONS = NO;
				ENABLE_STRICT_OBJC_MSGSEND = YES;
				GCC_C_LANGUAGE_STANDARD = gnu11;
				GCC_NO_COMMON_BLOCKS = YES;
				GCC_WARN_64_TO_32_BIT_CONVERSION = YES;
				GCC_WARN_ABOUT_RETURN_TYPE = YES_ERROR;
				GCC_WARN_UNDECLARED_SELECTOR = YES;
				GCC_WARN_UNINITIALIZED_AUTOS = YES_AGGRESSIVE;
				GCC_WARN_UNUSED_FUNCTION = YES;
				GCC_WARN_UNUSED_VARIABLE = YES;
				IPHONEOS_DEPLOYMENT_TARGET = 16.4;
				MTL_ENABLE_DEBUG_INFO = NO;
				MTL_FAST_MATH = YES;
				SDKROOT = iphoneos;
				SWIFT_COMPILATION_MODE = wholemodule;
				SWIFT_OPTIMIZATION_LEVEL = "-O";
				VALIDATE_PRODUCT = YES;
			};
			name = Release;
		};
		88C51B332A08013A0094E05E /* Debug */ = {
			isa = XCBuildConfiguration;
			buildSettings = {
				ASSETCATALOG_COMPILER_APPICON_NAME = AppIcon;
				ASSETCATALOG_COMPILER_GLOBAL_ACCENT_COLOR_NAME = AccentColor;
				CODE_SIGN_STYLE = Automatic;
				CURRENT_PROJECT_VERSION = 1;
				DEVELOPMENT_TEAM = K4NPPTUJ49;
				GENERATE_INFOPLIST_FILE = YES;
				INFOPLIST_FILE = "Rick&Morty_API_App/App/Info.plist";
				INFOPLIST_KEY_UIApplicationSupportsIndirectInputEvents = YES;
				INFOPLIST_KEY_UILaunchStoryboardName = LaunchScreen;
				INFOPLIST_KEY_UIMainStoryboardFile = Main;
				INFOPLIST_KEY_UISupportedInterfaceOrientations_iPad = "UIInterfaceOrientationPortrait UIInterfaceOrientationPortraitUpsideDown UIInterfaceOrientationLandscapeLeft UIInterfaceOrientationLandscapeRight";
				INFOPLIST_KEY_UISupportedInterfaceOrientations_iPhone = "UIInterfaceOrientationPortrait UIInterfaceOrientationLandscapeLeft UIInterfaceOrientationLandscapeRight";
				LD_RUNPATH_SEARCH_PATHS = (
					"$(inherited)",
					"@executable_path/Frameworks",
				);
				MARKETING_VERSION = 1.0;
				PRODUCT_BUNDLE_IDENTIFIER = "latushkin.as.Rick-Morty-API-App";
				PRODUCT_NAME = "$(TARGET_NAME)";
				SWIFT_EMIT_LOC_STRINGS = YES;
				SWIFT_VERSION = 5.0;
				TARGETED_DEVICE_FAMILY = "1,2";
			};
			name = Debug;
		};
		88C51B342A08013A0094E05E /* Release */ = {
			isa = XCBuildConfiguration;
			buildSettings = {
				ASSETCATALOG_COMPILER_APPICON_NAME = AppIcon;
				ASSETCATALOG_COMPILER_GLOBAL_ACCENT_COLOR_NAME = AccentColor;
				CODE_SIGN_STYLE = Automatic;
				CURRENT_PROJECT_VERSION = 1;
				DEVELOPMENT_TEAM = K4NPPTUJ49;
				GENERATE_INFOPLIST_FILE = YES;
				INFOPLIST_FILE = "Rick&Morty_API_App/App/Info.plist";
				INFOPLIST_KEY_UIApplicationSupportsIndirectInputEvents = YES;
				INFOPLIST_KEY_UILaunchStoryboardName = LaunchScreen;
				INFOPLIST_KEY_UIMainStoryboardFile = Main;
				INFOPLIST_KEY_UISupportedInterfaceOrientations_iPad = "UIInterfaceOrientationPortrait UIInterfaceOrientationPortraitUpsideDown UIInterfaceOrientationLandscapeLeft UIInterfaceOrientationLandscapeRight";
				INFOPLIST_KEY_UISupportedInterfaceOrientations_iPhone = "UIInterfaceOrientationPortrait UIInterfaceOrientationLandscapeLeft UIInterfaceOrientationLandscapeRight";
				LD_RUNPATH_SEARCH_PATHS = (
					"$(inherited)",
					"@executable_path/Frameworks",
				);
				MARKETING_VERSION = 1.0;
				PRODUCT_BUNDLE_IDENTIFIER = "latushkin.as.Rick-Morty-API-App";
				PRODUCT_NAME = "$(TARGET_NAME)";
				SWIFT_EMIT_LOC_STRINGS = YES;
				SWIFT_VERSION = 5.0;
				TARGETED_DEVICE_FAMILY = "1,2";
			};
			name = Release;
		};
/* End XCBuildConfiguration section */

/* Begin XCConfigurationList section */
		88C51B192A0801390094E05E /* Build configuration list for PBXProject "Rick&Morty_API_App" */ = {
			isa = XCConfigurationList;
			buildConfigurations = (
				88C51B302A08013A0094E05E /* Debug */,
				88C51B312A08013A0094E05E /* Release */,
			);
			defaultConfigurationIsVisible = 0;
			defaultConfigurationName = Release;
		};
		88C51B322A08013A0094E05E /* Build configuration list for PBXNativeTarget "Rick&Morty_API_App" */ = {
			isa = XCConfigurationList;
			buildConfigurations = (
				88C51B332A08013A0094E05E /* Debug */,
				88C51B342A08013A0094E05E /* Release */,
			);
			defaultConfigurationIsVisible = 0;
			defaultConfigurationName = Release;
		};
/* End XCConfigurationList section */
	};
	rootObject = 88C51B162A0801390094E05E /* Project object */;
}
